// !$*UTF8*$!
{
	archiveVersion = 1;
	classes = {
	};
	objectVersion = 46;
	objects = {

/* Begin PBXBuildFile section */
		8C22E1D61EA20FE000E91C10 /* AppDelegate.swift in Sources */ = {isa = PBXBuildFile; fileRef = 8C22E1D51EA20FE000E91C10 /* AppDelegate.swift */; };
		8C22E1D81EA20FE000E91C10 /* ViewController.swift in Sources */ = {isa = PBXBuildFile; fileRef = 8C22E1D71EA20FE000E91C10 /* ViewController.swift */; };
		8C22E1DB1EA20FE000E91C10 /* Main.storyboard in Resources */ = {isa = PBXBuildFile; fileRef = 8C22E1D91EA20FE000E91C10 /* Main.storyboard */; };
		8C22E1DD1EA20FE000E91C10 /* Assets.xcassets in Resources */ = {isa = PBXBuildFile; fileRef = 8C22E1DC1EA20FE000E91C10 /* Assets.xcassets */; };
		8C22E1E01EA20FE000E91C10 /* LaunchScreen.storyboard in Resources */ = {isa = PBXBuildFile; fileRef = 8C22E1DE1EA20FE000E91C10 /* LaunchScreen.storyboard */; };
		8C22E1EA1EA20FF500E91C10 /* APIService.swift in Sources */ = {isa = PBXBuildFile; fileRef = 8C22E1E71EA20FF500E91C10 /* APIService.swift */; };
		8C22E1EB1EA20FF500E91C10 /* ViewModel.swift in Sources */ = {isa = PBXBuildFile; fileRef = 8C22E1E81EA20FF500E91C10 /* ViewModel.swift */; };
		8C22E1EC1EA20FF500E91C10 /* ItemCell.xib in Resources */ = {isa = PBXBuildFile; fileRef = 8C22E1E91EA20FF500E91C10 /* ItemCell.xib */; };
		C7205A95CFE59B061BA25E38 /* Pods_Dahmakan_help_order.framework in Frameworks */ = {isa = PBXBuildFile; fileRef = 7B4A1A248E47D2EC71330BFE /* Pods_Dahmakan_help_order.framework */; };
/* End PBXBuildFile section */

/* Begin PBXFileReference section */
		3D1247D7B6827A80BC70DB8E /* Pods-Dahmakan-help-order.debug.xcconfig */ = {isa = PBXFileReference; includeInIndex = 1; lastKnownFileType = text.xcconfig; name = "Pods-Dahmakan-help-order.debug.xcconfig"; path = "Pods/Target Support Files/Pods-Dahmakan-help-order/Pods-Dahmakan-help-order.debug.xcconfig"; sourceTree = "<group>"; };
		7B4A1A248E47D2EC71330BFE /* Pods_Dahmakan_help_order.framework */ = {isa = PBXFileReference; explicitFileType = wrapper.framework; includeInIndex = 0; path = Pods_Dahmakan_help_order.framework; sourceTree = BUILT_PRODUCTS_DIR; };
		8C22E1D21EA20FDF00E91C10 /* Dahmakan-help-order.app */ = {isa = PBXFileReference; explicitFileType = wrapper.application; includeInIndex = 0; path = "Dahmakan-help-order.app"; sourceTree = BUILT_PRODUCTS_DIR; };
		8C22E1D51EA20FE000E91C10 /* AppDelegate.swift */ = {isa = PBXFileReference; lastKnownFileType = sourcecode.swift; path = AppDelegate.swift; sourceTree = "<group>"; };
		8C22E1D71EA20FE000E91C10 /* ViewController.swift */ = {isa = PBXFileReference; lastKnownFileType = sourcecode.swift; path = ViewController.swift; sourceTree = "<group>"; };
		8C22E1DA1EA20FE000E91C10 /* Base */ = {isa = PBXFileReference; lastKnownFileType = file.storyboard; name = Base; path = Base.lproj/Main.storyboard; sourceTree = "<group>"; };
		8C22E1DC1EA20FE000E91C10 /* Assets.xcassets */ = {isa = PBXFileReference; lastKnownFileType = folder.assetcatalog; path = Assets.xcassets; sourceTree = "<group>"; };
		8C22E1DF1EA20FE000E91C10 /* Base */ = {isa = PBXFileReference; lastKnownFileType = file.storyboard; name = Base; path = Base.lproj/LaunchScreen.storyboard; sourceTree = "<group>"; };
		8C22E1E11EA20FE000E91C10 /* Info.plist */ = {isa = PBXFileReference; lastKnownFileType = text.plist.xml; path = Info.plist; sourceTree = "<group>"; };
		8C22E1E71EA20FF500E91C10 /* APIService.swift */ = {isa = PBXFileReference; fileEncoding = 4; lastKnownFileType = sourcecode.swift; path = APIService.swift; sourceTree = "<group>"; };
		8C22E1E81EA20FF500E91C10 /* ViewModel.swift */ = {isa = PBXFileReference; fileEncoding = 4; lastKnownFileType = sourcecode.swift; path = ViewModel.swift; sourceTree = "<group>"; };
		8C22E1E91EA20FF500E91C10 /* ItemCell.xib */ = {isa = PBXFileReference; fileEncoding = 4; lastKnownFileType = file.xib; path = ItemCell.xib; sourceTree = "<group>"; };
		F7867CD530097B954476DB58 /* Pods-Dahmakan-help-order.release.xcconfig */ = {isa = PBXFileReference; includeInIndex = 1; lastKnownFileType = text.xcconfig; name = "Pods-Dahmakan-help-order.release.xcconfig"; path = "Pods/Target Support Files/Pods-Dahmakan-help-order/Pods-Dahmakan-help-order.release.xcconfig"; sourceTree = "<group>"; };
/* End PBXFileReference section */

/* Begin PBXFrameworksBuildPhase section */
		8C22E1CF1EA20FDF00E91C10 /* Frameworks */ = {
			isa = PBXFrameworksBuildPhase;
			buildActionMask = 2147483647;
			files = (
				C7205A95CFE59B061BA25E38 /* Pods_Dahmakan_help_order.framework in Frameworks */,
			);
			runOnlyForDeploymentPostprocessing = 0;
		};
/* End PBXFrameworksBuildPhase section */

/* Begin PBXGroup section */
		19DD4DADAA830509FD499151 /* Frameworks */ = {
			isa = PBXGroup;
			children = (
				7B4A1A248E47D2EC71330BFE /* Pods_Dahmakan_help_order.framework */,
			);
			name = Frameworks;
			sourceTree = "<group>";
		};
		30C1D830D2A007FF43CD4602 /* Pods */ = {
			isa = PBXGroup;
			children = (
				3D1247D7B6827A80BC70DB8E /* Pods-Dahmakan-help-order.debug.xcconfig */,
				F7867CD530097B954476DB58 /* Pods-Dahmakan-help-order.release.xcconfig */,
			);
			name = Pods;
			sourceTree = "<group>";
		};
		8C22E1C91EA20FDF00E91C10 = {
			isa = PBXGroup;
			children = (
				8C22E1D41EA20FE000E91C10 /* Dahmakan-help-order */,
				8C22E1D31EA20FDF00E91C10 /* Products */,
				30C1D830D2A007FF43CD4602 /* Pods */,
				19DD4DADAA830509FD499151 /* Frameworks */,
			);
			sourceTree = "<group>";
		};
		8C22E1D31EA20FDF00E91C10 /* Products */ = {
			isa = PBXGroup;
			children = (
				8C22E1D21EA20FDF00E91C10 /* Dahmakan-help-order.app */,
			);
			name = Products;
			sourceTree = "<group>";
		};
		8C22E1D41EA20FE000E91C10 /* Dahmakan-help-order */ = {
			isa = PBXGroup;
			children = (
				8C22E1E71EA20FF500E91C10 /* APIService.swift */,
				8C22E1E81EA20FF500E91C10 /* ViewModel.swift */,
				8C22E1D51EA20FE000E91C10 /* AppDelegate.swift */,
				8C22E1D71EA20FE000E91C10 /* ViewController.swift */,
				8C22E1D91EA20FE000E91C10 /* Main.storyboard */,
				8C22E1E91EA20FF500E91C10 /* ItemCell.xib */,
				8C22E1DC1EA20FE000E91C10 /* Assets.xcassets */,
				8C22E1DE1EA20FE000E91C10 /* LaunchScreen.storyboard */,
				8C22E1E11EA20FE000E91C10 /* Info.plist */,
			);
			path = "Dahmakan-help-order";
			sourceTree = "<group>";
		};
/* End PBXGroup section */

/* Begin PBXNativeTarget section */
		8C22E1D11EA20FDF00E91C10 /* Dahmakan-help-order */ = {
			isa = PBXNativeTarget;
			buildConfigurationList = 8C22E1E41EA20FE000E91C10 /* Build configuration list for PBXNativeTarget "Dahmakan-help-order" */;
			buildPhases = (
				7EB6A51B26742756833C8195 /* [CP] Check Pods Manifest.lock */,
				8C22E1CE1EA20FDF00E91C10 /* Sources */,
				8C22E1CF1EA20FDF00E91C10 /* Frameworks */,
				8C22E1D01EA20FDF00E91C10 /* Resources */,
				1141EF9AC0578457C3205766 /* [CP] Embed Pods Frameworks */,
				404E5849DA7E49B1A0FD7ED5 /* [CP] Copy Pods Resources */,
			);
			buildRules = (
			);
			dependencies = (
			);
			name = "Dahmakan-help-order";
			productName = "Dahmakan-help-order";
			productReference = 8C22E1D21EA20FDF00E91C10 /* Dahmakan-help-order.app */;
			productType = "com.apple.product-type.application";
		};
/* End PBXNativeTarget section */

/* Begin PBXProject section */
		8C22E1CA1EA20FDF00E91C10 /* Project object */ = {
			isa = PBXProject;
			attributes = {
				LastSwiftUpdateCheck = 0830;
				LastUpgradeCheck = 0830;
				ORGANIZATIONNAME = Nexx;
				TargetAttributes = {
					8C22E1D11EA20FDF00E91C10 = {
						CreatedOnToolsVersion = 8.3;
						DevelopmentTeam = FQF9M74585;
						ProvisioningStyle = Automatic;
					};
				};
			};
			buildConfigurationList = 8C22E1CD1EA20FDF00E91C10 /* Build configuration list for PBXProject "Dahmakan-help-order" */;
			compatibilityVersion = "Xcode 3.2";
			developmentRegion = English;
			hasScannedForEncodings = 0;
			knownRegions = (
				en,
				Base,
			);
			mainGroup = 8C22E1C91EA20FDF00E91C10;
			productRefGroup = 8C22E1D31EA20FDF00E91C10 /* Products */;
			projectDirPath = "";
			projectRoot = "";
			targets = (
				8C22E1D11EA20FDF00E91C10 /* Dahmakan-help-order */,
			);
		};
/* End PBXProject section */

/* Begin PBXResourcesBuildPhase section */
		8C22E1D01EA20FDF00E91C10 /* Resources */ = {
			isa = PBXResourcesBuildPhase;
			buildActionMask = 2147483647;
			files = (
				8C22E1EC1EA20FF500E91C10 /* ItemCell.xib in Resources */,
				8C22E1E01EA20FE000E91C10 /* LaunchScreen.storyboard in Resources */,
				8C22E1DD1EA20FE000E91C10 /* Assets.xcassets in Resources */,
				8C22E1DB1EA20FE000E91C10 /* Main.storyboard in Resources */,
			);
			runOnlyForDeploymentPostprocessing = 0;
		};
/* End PBXResourcesBuildPhase section */

/* Begin PBXShellScriptBuildPhase section */
		1141EF9AC0578457C3205766 /* [CP] Embed Pods Frameworks */ = {
			isa = PBXShellScriptBuildPhase;
			buildActionMask = 2147483647;
			files = (
			);
			inputPaths = (
			);
			name = "[CP] Embed Pods Frameworks";
			outputPaths = (
			);
			runOnlyForDeploymentPostprocessing = 0;
			shellPath = /bin/sh;
			shellScript = "\"${SRCROOT}/Pods/Target Support Files/Pods-Dahmakan-help-order/Pods-Dahmakan-help-order-frameworks.sh\"\n";
			showEnvVarsInLog = 0;
		};
		404E5849DA7E49B1A0FD7ED5 /* [CP] Copy Pods Resources */ = {
			isa = PBXShellScriptBuildPhase;
			buildActionMask = 2147483647;
			files = (
			);
			inputPaths = (
			);
			name = "[CP] Copy Pods Resources";
			outputPaths = (
			);
			runOnlyForDeploymentPostprocessing = 0;
			shellPath = /bin/sh;
			shellScript = "\"${SRCROOT}/Pods/Target Support Files/Pods-Dahmakan-help-order/Pods-Dahmakan-help-order-resources.sh\"\n";
			showEnvVarsInLog = 0;
		};
		7EB6A51B26742756833C8195 /* [CP] Check Pods Manifest.lock */ = {
			isa = PBXShellScriptBuildPhase;
			buildActionMask = 2147483647;
			files = (
			);
			inputPaths = (
			);
			name = "[CP] Check Pods Manifest.lock";
			outputPaths = (
			);
			runOnlyForDeploymentPostprocessing = 0;
			shellPath = /bin/sh;
			shellScript = "diff \"${PODS_ROOT}/../Podfile.lock\" \"${PODS_ROOT}/Manifest.lock\" > /dev/null\nif [ $? != 0 ] ; then\n    # print error to STDERR\n    echo \"error: The sandbox is not in sync with the Podfile.lock. Run 'pod install' or update your CocoaPods installation.\" >&2\n    exit 1\nfi\n";
			showEnvVarsInLog = 0;
		};
/* End PBXShellScriptBuildPhase section */

/* Begin PBXSourcesBuildPhase section */
		8C22E1CE1EA20FDF00E91C10 /* Sources */ = {
			isa = PBXSourcesBuildPhase;
			buildActionMask = 2147483647;
			files = (
				8C22E1D81EA20FE000E91C10 /* ViewController.swift in Sources */,
				8C22E1EA1EA20FF500E91C10 /* APIService.swift in Sources */,
				8C22E1EB1EA20FF500E91C10 /* ViewModel.swift in Sources */,
				8C22E1D61EA20FE000E91C10 /* AppDelegate.swift in Sources */,
			);
			runOnlyForDeploymentPostprocessing = 0;
		};
/* End PBXSourcesBuildPhase section */

/* Begin PBXVariantGroup section */
		8C22E1D91EA20FE000E91C10 /* Main.storyboard */ = {
			isa = PBXVariantGroup;
			children = (
				8C22E1DA1EA20FE000E91C10 /* Base */,
			);
			name = Main.storyboard;
			sourceTree = "<group>";
		};
		8C22E1DE1EA20FE000E91C10 /* LaunchScreen.storyboard */ = {
			isa = PBXVariantGroup;
			children = (
				8C22E1DF1EA20FE000E91C10 /* Base */,
			);
			name = LaunchScreen.storyboard;
			sourceTree = "<group>";
		};
/* End PBXVariantGroup section */

/* Begin XCBuildConfiguration section */
		8C22E1E21EA20FE000E91C10 /* Debug */ = {
			isa = XCBuildConfiguration;
			buildSettings = {
				ALWAYS_SEARCH_USER_PATHS = NO;
				CLANG_ANALYZER_NONNULL = YES;
				CLANG_ANALYZER_NUMBER_OBJECT_CONVERSION = YES_AGGRESSIVE;
				CLANG_CXX_LANGUAGE_STANDARD = "gnu++0x";
				CLANG_CXX_LIBRARY = "libc++";
				CLANG_ENABLE_MODULES = YES;
				CLANG_ENABLE_OBJC_ARC = YES;
				CLANG_WARN_BOOL_CONVERSION = YES;
				CLANG_WARN_CONSTANT_CONVERSION = YES;
				CLANG_WARN_DIRECT_OBJC_ISA_USAGE = YES_ERROR;
				CLANG_WARN_DOCUMENTATION_COMMENTS = YES;
				CLANG_WARN_EMPTY_BODY = YES;
				CLANG_WARN_ENUM_CONVERSION = YES;
				CLANG_WARN_INFINITE_RECURSION = YES;
				CLANG_WARN_INT_CONVERSION = YES;
				CLANG_WARN_OBJC_ROOT_CLASS = YES_ERROR;
				CLANG_WARN_SUSPICIOUS_MOVE = YES;
				CLANG_WARN_UNREACHABLE_CODE = YES;
				CLANG_WARN__DUPLICATE_METHOD_MATCH = YES;
				"CODE_SIGN_IDENTITY[sdk=iphoneos*]" = "iPhone Developer";
				COPY_PHASE_STRIP = NO;
				DEBUG_INFORMATION_FORMAT = dwarf;
				ENABLE_STRICT_OBJC_MSGSEND = YES;
				ENABLE_TESTABILITY = YES;
				GCC_C_LANGUAGE_STANDARD = gnu99;
				GCC_DYNAMIC_NO_PIC = NO;
				GCC_NO_COMMON_BLOCKS = YES;
				GCC_OPTIMIZATION_LEVEL = 0;
				GCC_PREPROCESSOR_DEFINITIONS = (
					"DEBUG=1",
					"$(inherited)",
				);
				GCC_WARN_64_TO_32_BIT_CONVERSION = YES;
				GCC_WARN_ABOUT_RETURN_TYPE = YES_ERROR;
				GCC_WARN_UNDECLARED_SELECTOR = YES;
				GCC_WARN_UNINITIALIZED_AUTOS = YES_AGGRESSIVE;
				GCC_WARN_UNUSED_FUNCTION = YES;
				GCC_WARN_UNUSED_VARIABLE = YES;
				IPHONEOS_DEPLOYMENT_TARGET = 10.3;
				MTL_ENABLE_DEBUG_INFO = YES;
				ONLY_ACTIVE_ARCH = YES;
				SDKROOT = iphoneos;
				SWIFT_ACTIVE_COMPILATION_CONDITIONS = DEBUG;
				SWIFT_OPTIMIZATION_LEVEL = "-Onone";
			};
			name = Debug;
		};
		8C22E1E31EA20FE000E91C10 /* Release */ = {
			isa = XCBuildConfiguration;
			buildSettings = {
				ALWAYS_SEARCH_USER_PATHS = NO;
				CLANG_ANALYZER_NONNULL = YES;
				CLANG_ANALYZER_NUMBER_OBJECT_CONVERSION = YES_AGGRESSIVE;
				CLANG_CXX_LANGUAGE_STANDARD = "gnu++0x";
				CLANG_CXX_LIBRARY = "libc++";
				CLANG_ENABLE_MODULES = YES;
				CLANG_ENABLE_OBJC_ARC = YES;
				CLANG_WARN_BOOL_CONVERSION = YES;
				CLANG_WARN_CONSTANT_CONVERSION = YES;
				CLANG_WARN_DIRECT_OBJC_ISA_USAGE = YES_ERROR;
				CLANG_WARN_DOCUMENTATION_COMMENTS = YES;
				CLANG_WARN_EMPTY_BODY = YES;
				CLANG_WARN_ENUM_CONVERSION = YES;
				CLANG_WARN_INFINITE_RECURSION = YES;
				CLANG_WARN_INT_CONVERSION = YES;
				CLANG_WARN_OBJC_ROOT_CLASS = YES_ERROR;
				CLANG_WARN_SUSPICIOUS_MOVE = YES;
				CLANG_WARN_UNREACHABLE_CODE = YES;
				CLANG_WARN__DUPLICATE_METHOD_MATCH = YES;
				"CODE_SIGN_IDENTITY[sdk=iphoneos*]" = "iPhone Developer";
				COPY_PHASE_STRIP = NO;
				DEBUG_INFORMATION_FORMAT = "dwarf-with-dsym";
				ENABLE_NS_ASSERTIONS = NO;
				ENABLE_STRICT_OBJC_MSGSEND = YES;
				GCC_C_LANGUAGE_STANDARD = gnu99;
				GCC_NO_COMMON_BLOCKS = YES;
				GCC_WARN_64_TO_32_BIT_CONVERSION = YES;
				GCC_WARN_ABOUT_RETURN_TYPE = YES_ERROR;
				GCC_WARN_UNDECLARED_SELECTOR = YES;
				GCC_WARN_UNINITIALIZED_AUTOS = YES_AGGRESSIVE;
				GCC_WARN_UNUSED_FUNCTION = YES;
				GCC_WARN_UNUSED_VARIABLE = YES;
				IPHONEOS_DEPLOYMENT_TARGET = 10.3;
				MTL_ENABLE_DEBUG_INFO = NO;
				SDKROOT = iphoneos;
				SWIFT_OPTIMIZATION_LEVEL = "-Owholemodule";
				VALIDATE_PRODUCT = YES;
			};
			name = Release;
		};
		8C22E1E51EA20FE000E91C10 /* Debug */ = {
			isa = XCBuildConfiguration;
			baseConfigurationReference = 3D1247D7B6827A80BC70DB8E /* Pods-Dahmakan-help-order.debug.xcconfig */;
			buildSettings = {
				ASSETCATALOG_COMPILER_APPICON_NAME = AppIcon;
				DEVELOPMENT_TEAM = FQF9M74585;
				INFOPLIST_FILE = "Dahmakan-help-order/Info.plist";
				LD_RUNPATH_SEARCH_PATHS = "$(inherited) @executable_path/Frameworks";
				PRODUCT_BUNDLE_IDENTIFIER = "com.ex.Dahmakan-help-order";
				PRODUCT_NAME = "$(TARGET_NAME)";
				SWIFT_VERSION = 3.0;
			};
			name = Debug;
		};
		8C22E1E61EA20FE000E91C10 /* Release */ = {
			isa = XCBuildConfiguration;
			baseConfigurationReference = F7867CD530097B954476DB58 /* Pods-Dahmakan-help-order.release.xcconfig */;
			buildSettings = {
				ASSETCATALOG_COMPILER_APPICON_NAME = AppIcon;
				DEVELOPMENT_TEAM = FQF9M74585;
				INFOPLIST_FILE = "Dahmakan-help-order/Info.plist";
				LD_RUNPATH_SEARCH_PATHS = "$(inherited) @executable_path/Frameworks";
				PRODUCT_BUNDLE_IDENTIFIER = "com.ex.Dahmakan-help-order";
				PRODUCT_NAME = "$(TARGET_NAME)";
				SWIFT_VERSION = 3.0;
			};
			name = Release;
		};
/* End XCBuildConfiguration section */

/* Begin XCConfigurationList section */
		8C22E1CD1EA20FDF00E91C10 /* Build configuration list for PBXProject "Dahmakan-help-order" */ = {
			isa = XCConfigurationList;
			buildConfigurations = (
				8C22E1E21EA20FE000E91C10 /* Debug */,
				8C22E1E31EA20FE000E91C10 /* Release */,
			);
			defaultConfigurationIsVisible = 0;
			defaultConfigurationName = Release;
		};
		8C22E1E41EA20FE000E91C10 /* Build configuration list for PBXNativeTarget "Dahmakan-help-order" */ = {
			isa = XCConfigurationList;
			buildConfigurations = (
				8C22E1E51EA20FE000E91C10 /* Debug */,
				8C22E1E61EA20FE000E91C10 /* Release */,
			);
			defaultConfigurationIsVisible = 0;
			defaultConfigurationName = Release;
		};
/* End XCConfigurationList section */
	};
	rootObject = 8C22E1CA1EA20FDF00E91C10 /* Project object */;
}
